{
  "name": "noomi",
  "version": "0.4.4",
  "lockfileVersion": 1,
  "requires": true,
  "dependencies": {
    "denque": {
      "version": "1.4.1",
      "resolved": "https://registry.npm.taobao.org/denque/download/denque-1.4.1.tgz"
    },
    "json5": {
      "version": "2.1.3",
      "resolved": "https://registry.npm.taobao.org/json5/download/json5-2.1.3.tgz",
      "requires": {
        "minimist": "^1.2.5"
      }
    },
    "mime": {
      "version": "2.4.6",
      "resolved": "https://registry.npm.taobao.org/mime/download/mime-2.4.6.tgz"
    },
    "minimist": {
      "version": "1.2.5",
      "resolved": "https://registry.npm.taobao.org/minimist/download/minimist-1.2.5.tgz"
    },
    "redis": {
      "version": "3.0.2",
      "resolved": "https://registry.npm.taobao.org/redis/download/redis-3.0.2.tgz",
      "requires": {
        "denque": "^1.4.1",
        "redis-commands": "^1.5.0",
        "redis-errors": "^1.2.0",
        "redis-parser": "^3.0.0"
      }
    },
    "redis-commands": {
      "version": "1.6.0",
      "resolved": "https://registry.npm.taobao.org/redis-commands/download/redis-commands-1.6.0.tgz"
    },
    "redis-errors": {
      "version": "1.2.0",
      "resolved": "https://registry.npm.taobao.org/redis-errors/download/redis-errors-1.2.0.tgz"
    },
    "redis-parser": {
      "version": "3.0.0",
      "resolved": "https://registry.npm.taobao.org/redis-parser/download/redis-parser-3.0.0.tgz",
      "requires": {
        "redis-errors": "^1.0.0"
      }
    },
    "relaen": {
      "version": "0.0.6",
      "resolved": "https://registry.npmjs.org/relaen/-/relaen-0.0.6.tgz",
      "integrity": "sha512-d71PuA9lMIrP7JMdt3tfBJws5P1gxduZBGtaudKDyRTwdmnC18lDQKWhQr4CQo8x6FCrHEVrIL0UKqnLJg5t+Q=="
    },
    "uuid": {
      "version": "8.3.1",
      "resolved": "https://registry.npm.taobao.org/uuid/download/uuid-8.3.1.tgz?cache=0&sync_timestamp=1605962411040&other_urls=https%3A%2F%2Fregistry.npm.taobao.org%2Fuuid%2Fdownload%2Fuuid-8.3.1.tgz",
      "integrity": "sha1-K6LmygANpg/OWhlpVKskETHgWjE="
    }
  }
}
