{
  "name": "noomi",
  "version": "0.4.4",
  "lockfileVersion": 1,
  "requires": true,
  "dependencies": {
    "relaen": {
      "version": "0.0.6",
      "resolved": "https://registry.npmjs.org/relaen/-/relaen-0.0.6.tgz",
      "integrity": "sha512-d71PuA9lMIrP7JMdt3tfBJws5P1gxduZBGtaudKDyRTwdmnC18lDQKWhQr4CQo8x6FCrHEVrIL0UKqnLJg5t+Q=="
    }
  }
}
